{
  "name": "MEDIQUICK",
  "lockfileVersion": 3,
  "requires": true,
  "packages": {
    "": {
      "dependencies": {
        "solr": "^0.3.0"
      }
    },
    "node_modules/solr": {
      "version": "0.3.0",
      "resolved": "https://registry.npmjs.org/solr/-/solr-0.3.0.tgz",
      "integrity": "sha512-IZdDxUYafKWvJr5Ikc8X3ccyfVVyZkOX7fgpvUbncNqyv3JjI2u7xkyJqInzpqFp2jRC0U10L0jyykcATNgIKw==",
      "engines": {
        "node": ">=0.4.0"
      }
    }
  }
}
